
Microsoft Visual Studio Solution File, Format Version 12.00
# Visual Studio Version 17
VisualStudioVersion = 17.3.32922.545
MinimumVisualStudioVersion = 10.0.40219.1
Project("{FAE04EC0-301F-11D3-BF4B-00C04F79EFBC}") = "TodoWCFService", "TodoWCFService\TodoWCFService.csproj", "{CE194B67-3590-4D0B-8771-865FFB61C836}"
EndProject
Project("{FAE04EC0-301F-11D3-BF4B-00C04F79EFBC}") = "TodoWeb", "TodoWeb\TodoWeb.csproj", "{DE7EBC75-002E-465D-B825-C837B8FD5948}"
	ProjectSection(ProjectDependencies) = postProject
		{CE194B67-3590-4D0B-8771-865FFB61C836} = {CE194B67-3590-4D0B-8771-865FFB61C836}
	EndProjectSection
EndProject
Global
	GlobalSection(SolutionConfigurationPlatforms) = preSolution
		Debug|Any CPU = Debug|Any CPU
		Release|Any CPU = Release|Any CPU
	EndGlobalSection
	GlobalSection(ProjectConfigurationPlatforms) = postSolution
		{CE194B67-3590-4D0B-8771-865FFB61C836}.Debug|Any CPU.ActiveCfg = Debug|Any CPU
		{CE194B67-3590-4D0B-8771-865FFB61C836}.Debug|Any CPU.Build.0 = Debug|Any CPU
		{CE194B67-3590-4D0B-8771-865FFB61C836}.Release|Any CPU.ActiveCfg = Release|Any CPU
		{CE194B67-3590-4D0B-8771-865FFB61C836}.Release|Any CPU.Build.0 = Release|Any CPU
		{DE7EBC75-002E-465D-B825-C837B8FD5948}.Debug|Any CPU.ActiveCfg = Debug|Any CPU
		{DE7EBC75-002E-465D-B825-C837B8FD5948}.Debug|Any CPU.Build.0 = Debug|Any CPU
		{DE7EBC75-002E-465D-B825-C837B8FD5948}.Release|Any CPU.ActiveCfg = Release|Any CPU
		{DE7EBC75-002E-465D-B825-C837B8FD5948}.Release|Any CPU.Build.0 = Release|Any CPU
	EndGlobalSection
	GlobalSection(SolutionProperties) = preSolution
		HideSolutionNode = FALSE
	EndGlobalSection
	GlobalSection(ExtensibilityGlobals) = postSolution
		SolutionGuid = {D52A935D-3FDF-4A66-9D9A-CBBF88355C95}
	EndGlobalSection
EndGlobal
